
Microsoft Visual Studio Solution File, Format Version 12.00
# Visual Studio Version 17
VisualStudioVersion = 17.6.33723.286
MinimumVisualStudioVersion = 10.0.40219.1
Project("{9A19103F-16F7-4668-BE54-9A1E7A4F7556}") = "PTTDotNetCore.ConsoleAppDay1", "PTTDotNetCore.ConsoleAppDay1\PTTDotNetCore.ConsoleAppDay1.csproj", "{56172115-5085-419B-8C7D-22996E91DAC3}"
EndProject
Project("{9A19103F-16F7-4668-BE54-9A1E7A4F7556}") = "PTTDotNetCore.ConsoleAppDay2", "PTTDotNetCore.ConsoleAppDay2\PTTDotNetCore.ConsoleAppDay2.csproj", "{561373FD-A03A-4A48-923A-ECA00E4131E7}"
EndProject
Project("{9A19103F-16F7-4668-BE54-9A1E7A4F7556}") = "PTTDotNetCore.ConsoleAppDay3", "PTTDotNetCore.ConsoleAppDay3\PTTDotNetCore.ConsoleAppDay3.csproj", "{0274926C-9E7C-4ACF-80BB-69DC9E95DCE5}"
EndProject
Project("{9A19103F-16F7-4668-BE54-9A1E7A4F7556}") = "PTTDotNetCore.ConsoleAppDay4", "PTTDotNetCore.ConsoleAppDay4\PTTDotNetCore.ConsoleAppDay4.csproj", "{8869C977-01C3-4F38-8787-7A26B1BF0FBD}"
EndProject
Project("{2150E333-8FDC-42A3-9474-1A3956D46DE8}") = "Homework", "Homework", "{68ABFA1C-FE0B-4C7A-BC4E-68D7F605ECD3}"
EndProject
Project("{9A19103F-16F7-4668-BE54-9A1E7A4F7556}") = "PTTDotNetCore.ConsoleAppDay3HomeWork", "PTTDotNetCore.ConsoleAppDay3HomeWork\PTTDotNetCore.ConsoleAppDay3HomeWork.csproj", "{44333E1A-2C49-404C-93DA-BC0FFEBE2278}"
EndProject
Project("{9A19103F-16F7-4668-BE54-9A1E7A4F7556}") = "PTTDotNetCore.ConsoleAppDay5", "PTTDotNetCore.ConsoleAppDay5\PTTDotNetCore.ConsoleAppDay5.csproj", "{0B80237E-79A1-4E4D-B099-F912082053D1}"
EndProject
Project("{9A19103F-16F7-4668-BE54-9A1E7A4F7556}") = "PTTDotNetCore.ConsoleAppDay6", "PTTDotNetCore.ConsoleAppDay6\PTTDotNetCore.ConsoleAppDay6.csproj", "{9861D8C1-A50E-4508-A233-177B4992060F}"
EndProject
Project("{9A19103F-16F7-4668-BE54-9A1E7A4F7556}") = "PTTDotNetCore.ConsoleAppDay6HomeWork", "PTTDotNetCore.ConsoleAppDay6HomeWork\PTTDotNetCore.ConsoleAppDay6HomeWork.csproj", "{3CE5F07B-10B7-4D08-B0F1-AAAA28C6CC57}"
EndProject
Project("{9A19103F-16F7-4668-BE54-9A1E7A4F7556}") = "PTTDotNetCore.ConsoleAppDay7", "PTTDotNetCore.ConsoleAppDay7\PTTDotNetCore.ConsoleAppDay7.csproj", "{C0B63C4E-11D6-49F2-AAE7-E2C569978501}"
EndProject
Project("{9A19103F-16F7-4668-BE54-9A1E7A4F7556}") = "PTTDotNetCore.ConsoleAppDay8", "PTTDotNetCore.ConsoleAppDay8\PTTDotNetCore.ConsoleAppDay8.csproj", "{8770E92F-9ECF-4D57-8E51-217B19C5287D}"
EndProject
Project("{9A19103F-16F7-4668-BE54-9A1E7A4F7556}") = "PTTDotNetCore.ConsoleAppDay9", "PTTDotNetCore.ConsoleAppDay9\PTTDotNetCore.ConsoleAppDay9.csproj", "{FEBE1722-231E-4B98-B020-44B3BFB2F086}"
EndProject
Project("{FAE04EC0-301F-11D3-BF4B-00C04F79EFBC}") = "PTTDotNetCore.ConsoleAppDay10", "PTTDotNetCore.ConsoleAppDay10\PTTDotNetCore.ConsoleAppDay10.csproj", "{D731F801-E257-42CB-A60B-5C985F0406C3}"
EndProject
Project("{2150E333-8FDC-42A3-9474-1A3956D46DE8}") = "WindowFormApp", "WindowFormApp", "{4043FC49-2E43-49BF-B3EA-EF675EEF20B9}"
EndProject
Project("{FAE04EC0-301F-11D3-BF4B-00C04F79EFBC}") = "WinFormsAppExample", "WinFormsAppExample\WinFormsAppExample.csproj", "{B8DE5A28-C562-41EB-8409-4C9E3882B087}"
EndProject
Global
	GlobalSection(SolutionConfigurationPlatforms) = preSolution
		Debug|Any CPU = Debug|Any CPU
		Release|Any CPU = Release|Any CPU
	EndGlobalSection
	GlobalSection(ProjectConfigurationPlatforms) = postSolution
		{56172115-5085-419B-8C7D-22996E91DAC3}.Debug|Any CPU.ActiveCfg = Debug|Any CPU
		{56172115-5085-419B-8C7D-22996E91DAC3}.Debug|Any CPU.Build.0 = Debug|Any CPU
		{56172115-5085-419B-8C7D-22996E91DAC3}.Release|Any CPU.ActiveCfg = Release|Any CPU
		{56172115-5085-419B-8C7D-22996E91DAC3}.Release|Any CPU.Build.0 = Release|Any CPU
		{561373FD-A03A-4A48-923A-ECA00E4131E7}.Debug|Any CPU.ActiveCfg = Debug|Any CPU
		{561373FD-A03A-4A48-923A-ECA00E4131E7}.Debug|Any CPU.Build.0 = Debug|Any CPU
		{561373FD-A03A-4A48-923A-ECA00E4131E7}.Release|Any CPU.ActiveCfg = Release|Any CPU
		{561373FD-A03A-4A48-923A-ECA00E4131E7}.Release|Any CPU.Build.0 = Release|Any CPU
		{0274926C-9E7C-4ACF-80BB-69DC9E95DCE5}.Debug|Any CPU.ActiveCfg = Debug|Any CPU
		{0274926C-9E7C-4ACF-80BB-69DC9E95DCE5}.Debug|Any CPU.Build.0 = Debug|Any CPU
		{0274926C-9E7C-4ACF-80BB-69DC9E95DCE5}.Release|Any CPU.ActiveCfg = Release|Any CPU
		{0274926C-9E7C-4ACF-80BB-69DC9E95DCE5}.Release|Any CPU.Build.0 = Release|Any CPU
		{8869C977-01C3-4F38-8787-7A26B1BF0FBD}.Debug|Any CPU.ActiveCfg = Debug|Any CPU
		{8869C977-01C3-4F38-8787-7A26B1BF0FBD}.Debug|Any CPU.Build.0 = Debug|Any CPU
		{8869C977-01C3-4F38-8787-7A26B1BF0FBD}.Release|Any CPU.ActiveCfg = Release|Any CPU
		{8869C977-01C3-4F38-8787-7A26B1BF0FBD}.Release|Any CPU.Build.0 = Release|Any CPU
		{44333E1A-2C49-404C-93DA-BC0FFEBE2278}.Debug|Any CPU.ActiveCfg = Debug|Any CPU
		{44333E1A-2C49-404C-93DA-BC0FFEBE2278}.Debug|Any CPU.Build.0 = Debug|Any CPU
		{44333E1A-2C49-404C-93DA-BC0FFEBE2278}.Release|Any CPU.ActiveCfg = Release|Any CPU
		{44333E1A-2C49-404C-93DA-BC0FFEBE2278}.Release|Any CPU.Build.0 = Release|Any CPU
		{0B80237E-79A1-4E4D-B099-F912082053D1}.Debug|Any CPU.ActiveCfg = Debug|Any CPU
		{0B80237E-79A1-4E4D-B099-F912082053D1}.Debug|Any CPU.Build.0 = Debug|Any CPU
		{0B80237E-79A1-4E4D-B099-F912082053D1}.Release|Any CPU.ActiveCfg = Release|Any CPU
		{0B80237E-79A1-4E4D-B099-F912082053D1}.Release|Any CPU.Build.0 = Release|Any CPU
		{9861D8C1-A50E-4508-A233-177B4992060F}.Debug|Any CPU.ActiveCfg = Debug|Any CPU
		{9861D8C1-A50E-4508-A233-177B4992060F}.Debug|Any CPU.Build.0 = Debug|Any CPU
		{9861D8C1-A50E-4508-A233-177B4992060F}.Release|Any CPU.ActiveCfg = Release|Any CPU
		{9861D8C1-A50E-4508-A233-177B4992060F}.Release|Any CPU.Build.0 = Release|Any CPU
		{3CE5F07B-10B7-4D08-B0F1-AAAA28C6CC57}.Debug|Any CPU.ActiveCfg = Debug|Any CPU
		{3CE5F07B-10B7-4D08-B0F1-AAAA28C6CC57}.Debug|Any CPU.Build.0 = Debug|Any CPU
		{3CE5F07B-10B7-4D08-B0F1-AAAA28C6CC57}.Release|Any CPU.ActiveCfg = Release|Any CPU
		{3CE5F07B-10B7-4D08-B0F1-AAAA28C6CC57}.Release|Any CPU.Build.0 = Release|Any CPU
		{C0B63C4E-11D6-49F2-AAE7-E2C569978501}.Debug|Any CPU.ActiveCfg = Debug|Any CPU
		{C0B63C4E-11D6-49F2-AAE7-E2C569978501}.Debug|Any CPU.Build.0 = Debug|Any CPU
		{C0B63C4E-11D6-49F2-AAE7-E2C569978501}.Release|Any CPU.ActiveCfg = Release|Any CPU
		{C0B63C4E-11D6-49F2-AAE7-E2C569978501}.Release|Any CPU.Build.0 = Release|Any CPU
		{8770E92F-9ECF-4D57-8E51-217B19C5287D}.Debug|Any CPU.ActiveCfg = Debug|Any CPU
		{8770E92F-9ECF-4D57-8E51-217B19C5287D}.Debug|Any CPU.Build.0 = Debug|Any CPU
		{8770E92F-9ECF-4D57-8E51-217B19C5287D}.Release|Any CPU.ActiveCfg = Release|Any CPU
		{8770E92F-9ECF-4D57-8E51-217B19C5287D}.Release|Any CPU.Build.0 = Release|Any CPU
		{FEBE1722-231E-4B98-B020-44B3BFB2F086}.Debug|Any CPU.ActiveCfg = Debug|Any CPU
		{FEBE1722-231E-4B98-B020-44B3BFB2F086}.Debug|Any CPU.Build.0 = Debug|Any CPU
		{FEBE1722-231E-4B98-B020-44B3BFB2F086}.Release|Any CPU.ActiveCfg = Release|Any CPU
		{FEBE1722-231E-4B98-B020-44B3BFB2F086}.Release|Any CPU.Build.0 = Release|Any CPU
		{D731F801-E257-42CB-A60B-5C985F0406C3}.Debug|Any CPU.ActiveCfg = Debug|Any CPU
		{D731F801-E257-42CB-A60B-5C985F0406C3}.Debug|Any CPU.Build.0 = Debug|Any CPU
		{D731F801-E257-42CB-A60B-5C985F0406C3}.Release|Any CPU.ActiveCfg = Release|Any CPU
		{D731F801-E257-42CB-A60B-5C985F0406C3}.Release|Any CPU.Build.0 = Release|Any CPU
		{B8DE5A28-C562-41EB-8409-4C9E3882B087}.Debug|Any CPU.ActiveCfg = Debug|Any CPU
		{B8DE5A28-C562-41EB-8409-4C9E3882B087}.Debug|Any CPU.Build.0 = Debug|Any CPU
		{B8DE5A28-C562-41EB-8409-4C9E3882B087}.Release|Any CPU.ActiveCfg = Release|Any CPU
		{B8DE5A28-C562-41EB-8409-4C9E3882B087}.Release|Any CPU.Build.0 = Release|Any CPU
	EndGlobalSection
	GlobalSection(SolutionProperties) = preSolution
		HideSolutionNode = FALSE
	EndGlobalSection
	GlobalSection(NestedProjects) = preSolution
		{44333E1A-2C49-404C-93DA-BC0FFEBE2278} = {68ABFA1C-FE0B-4C7A-BC4E-68D7F605ECD3}
		{3CE5F07B-10B7-4D08-B0F1-AAAA28C6CC57} = {68ABFA1C-FE0B-4C7A-BC4E-68D7F605ECD3}
		{B8DE5A28-C562-41EB-8409-4C9E3882B087} = {4043FC49-2E43-49BF-B3EA-EF675EEF20B9}
	EndGlobalSection
	GlobalSection(ExtensibilityGlobals) = postSolution
		SolutionGuid = {C63C5935-F4DF-4EEE-8D34-058917FFF18D}
	EndGlobalSection
EndGlobal
